
Microsoft Visual Studio Solution File, Format Version 12.00
# Visual Studio Version 17
VisualStudioVersion = 17.8.34330.188
MinimumVisualStudioVersion = 10.0.40219.1
Project("{FAE04EC0-301F-11D3-BF4B-00C04F79EFBC}") = "Triathlon", "Triathlon\Triathlon.csproj", "{B82C6761-E821-4550-945D-22AD1B386DC8}"
EndProject
Global
	GlobalSection(SolutionConfigurationPlatforms) = preSolution
		Debug|Any CPU = Debug|Any CPU
		Release|Any CPU = Release|Any CPU
	EndGlobalSection
	GlobalSection(ProjectConfigurationPlatforms) = postSolution
		{B82C6761-E821-4550-945D-22AD1B386DC8}.Debug|Any CPU.ActiveCfg = Debug|Any CPU
		{B82C6761-E821-4550-945D-22AD1B386DC8}.Debug|Any CPU.Build.0 = Debug|Any CPU
		{B82C6761-E821-4550-945D-22AD1B386DC8}.Release|Any CPU.ActiveCfg = Release|Any CPU
		{B82C6761-E821-4550-945D-22AD1B386DC8}.Release|Any CPU.Build.0 = Release|Any CPU
	EndGlobalSection
	GlobalSection(SolutionProperties) = preSolution
		HideSolutionNode = FALSE
	EndGlobalSection
	GlobalSection(ExtensibilityGlobals) = postSolution
		SolutionGuid = {22B63174-FEB4-4B51-A008-3D6F1AB72D34}
	EndGlobalSection
EndGlobal
